
Microsoft Visual Studio Solution File, Format Version 12.00
Project("{FAE04EC0-301F-11D3-BF4B-00C04F79EFBC}") = "repostrix", "repostrix\repostrix.csproj", "{A606241B-69AC-4A66-A3B2-4CC3B8C97BB6}"
EndProject
Project("{2150E333-8FDC-42A3-9474-1A3956D46DE8}") = "Solution Items", "Solution Items", "{67AB208C-4697-46E0-B7CD-96661D78193D}"
	ProjectSection(SolutionItems) = preProject
		compose.yaml = compose.yaml
	EndProjectSection
EndProject
Project("{FAE04EC0-301F-11D3-BF4B-00C04F79EFBC}") = "Core", "Core\Core.csproj", "{51006FD4-AB42-4E2B-B07C-61A4F6019968}"
EndProject
Global
	GlobalSection(SolutionConfigurationPlatforms) = preSolution
		Debug|Any CPU = Debug|Any CPU
		Release|Any CPU = Release|Any CPU
	EndGlobalSection
	GlobalSection(ProjectConfigurationPlatforms) = postSolution
		{A606241B-69AC-4A66-A3B2-4CC3B8C97BB6}.Debug|Any CPU.ActiveCfg = Debug|Any CPU
		{A606241B-69AC-4A66-A3B2-4CC3B8C97BB6}.Debug|Any CPU.Build.0 = Debug|Any CPU
		{A606241B-69AC-4A66-A3B2-4CC3B8C97BB6}.Release|Any CPU.ActiveCfg = Release|Any CPU
		{A606241B-69AC-4A66-A3B2-4CC3B8C97BB6}.Release|Any CPU.Build.0 = Release|Any CPU
		{51006FD4-AB42-4E2B-B07C-61A4F6019968}.Debug|Any CPU.ActiveCfg = Debug|Any CPU
		{51006FD4-AB42-4E2B-B07C-61A4F6019968}.Debug|Any CPU.Build.0 = Debug|Any CPU
		{51006FD4-AB42-4E2B-B07C-61A4F6019968}.Release|Any CPU.ActiveCfg = Release|Any CPU
		{51006FD4-AB42-4E2B-B07C-61A4F6019968}.Release|Any CPU.Build.0 = Release|Any CPU
	EndGlobalSection
EndGlobal
